
Microsoft Visual Studio Solution File, Format Version 12.00
# Visual Studio Version 17
VisualStudioVersion = 17.0.31903.59
MinimumVisualStudioVersion = 10.0.40219.1
Project("{FAE04EC0-301F-11D3-BF4B-00C04F79EFBC}") = "ConsoleApp1", "ConsoleApp1\ConsoleApp1.csproj", "{FE192D2E-EA45-4F4E-ACD6-03BD552312E3}"
EndProject
Global
	GlobalSection(SolutionConfigurationPlatforms) = preSolution
		Debug|Any CPU = Debug|Any CPU
		Release|Any CPU = Release|Any CPU
	EndGlobalSection
	GlobalSection(ProjectConfigurationPlatforms) = postSolution
		{FE192D2E-EA45-4F4E-ACD6-03BD552312E3}.Debug|Any CPU.ActiveCfg = Debug|Any CPU
		{FE192D2E-EA45-4F4E-ACD6-03BD552312E3}.Debug|Any CPU.Build.0 = Debug|Any CPU
		{FE192D2E-EA45-4F4E-ACD6-03BD552312E3}.Release|Any CPU.ActiveCfg = Release|Any CPU
		{FE192D2E-EA45-4F4E-ACD6-03BD552312E3}.Release|Any CPU.Build.0 = Release|Any CPU
	EndGlobalSection
	GlobalSection(SolutionProperties) = preSolution
		HideSolutionNode = FALSE
	EndGlobalSection
	GlobalSection(ExtensibilityGlobals) = postSolution
		SolutionGuid = {DDA88CE8-9A1A-4E01-8D5F-0CE3DA7CC908}
	EndGlobalSection
EndGlobal
